<?xml version="1.0" encoding="utf-8"?>
<Project ToolsVersion="4.0" xmlns="http://schemas.microsoft.com/developer/msbuild/2003">
  <ItemGroup>
    <Filter Include="Fichiers sources">
      <UniqueIdentifier>{4FC737F1-C7A5-4376-A066-2A32D752A2FF}</UniqueIdentifier>
      <Extensions>cpp;c;cc;cxx;def;odl;idl;hpj;bat;asm;asmx</Extensions>
    </Filter>
    <Filter Include="Fichiers d%27en-tête">
      <UniqueIdentifier>{93995380-89BD-4b04-88EB-625FBE52EBFB}</UniqueIdentifier>
      <Extensions>h;hh;hpp;hxx;hm;inl;inc;ipp;xsd</Extensions>
    </Filter>
    <Filter Include="Fichiers de ressources">
      <UniqueIdentifier>{67DA6AB6-F800-4c08-8B7A-83BB121AAD01}</UniqueIdentifier>
      <Extensions>rc;ico;cur;bmp;dlg;rc2;rct;bin;rgs;gif;jpg;jpeg;jpe;resx;tiff;tif;png;wav;mfcribbon-ms</Extensions>
    </Filter>
    <Filter Include="Fichiers d%27en-tête\weapon">
      <UniqueIdentifier>{4bae71d6-778f-4f68-9f81-7716fe59229a}</UniqueIdentifier>
    </Filter>
    <Filter Include="Fichiers d%27en-tête\weapon\melee">
      <UniqueIdentifier>{b133133f-f779-4e7c-a2d9-7060eb2850c3}</UniqueIdentifier>
    </Filter>
    <Filter Include="Fichiers sources\weapon">
      <UniqueIdentifier>{f035f1cf-8bc1-45d3-9e98-9ea11b0c128d}</UniqueIdentifier>
    </Filter>
    <Filter Include="Fichiers sources\weapon\melee">
      <UniqueIdentifier>{3cc41088-be12-4b56-9851-0cc26632f1c4}</UniqueIdentifier>
    </Filter>
    <Filter Include="Fichiers d%27en-tête\character">
      <UniqueIdentifier>{e9722a58-5434-4766-9eea-28d1418d9b8a}</UniqueIdentifier>
    </Filter>
    <Filter Include="Fichiers sources\character">
      <UniqueIdentifier>{366d18db-3567-4513-9f2d-b52419a20517}</UniqueIdentifier>
    </Filter>
    <Filter Include="Fichiers d%27en-tête\weapon\ranged">
      <UniqueIdentifier>{b4b5b42c-3a1c-4919-8c89-e05c52c4df36}</UniqueIdentifier>
    </Filter>
    <Filter Include="Fichiers sources\weapon\ranged">
      <UniqueIdentifier>{044d57a9-b354-4c42-89d5-105ba9ead6e8}</UniqueIdentifier>
    </Filter>
  </ItemGroup>
  <ItemGroup>
    <ClCompile Include="main.cpp">
      <Filter>Fichiers sources</Filter>
    </ClCompile>
    <ClCompile Include="CWeapon.cpp">
      <Filter>Fichiers sources</Filter>
    </ClCompile>
    <ClCompile Include="CMelee.cpp">
      <Filter>Fichiers sources\weapon</Filter>
    </ClCompile>
    <ClCompile Include="CDagger.cpp">
      <Filter>Fichiers sources\weapon\melee</Filter>
    </ClCompile>
    <ClCompile Include="CSword.cpp">
      <Filter>Fichiers sources\weapon\melee</Filter>
    </ClCompile>
    <ClCompile Include="CCharacter.cpp">
      <Filter>Fichiers sources</Filter>
    </ClCompile>
    <ClCompile Include="CWarrior.cpp">
      <Filter>Fichiers sources\character</Filter>
    </ClCompile>
    <ClCompile Include="CMage.cpp">
      <Filter>Fichiers sources\character</Filter>
    </ClCompile>
    <ClCompile Include="CRogue.cpp">
      <Filter>Fichiers sources\character</Filter>
    </ClCompile>
    <ClCompile Include="Parser.cpp">
      <Filter>Fichiers sources</Filter>
    </ClCompile>
    <ClCompile Include="CRanged.cpp">
      <Filter>Fichiers sources\weapon</Filter>
    </ClCompile>
    <ClCompile Include="CBow.cpp">
      <Filter>Fichiers sources\weapon\ranged</Filter>
    </ClCompile>
    <ClCompile Include="CStaff.cpp">
      <Filter>Fichiers sources\weapon\ranged</Filter>
    </ClCompile>
    <ClCompile Include="CArcher.cpp">
      <Filter>Fichiers sources</Filter>
    </ClCompile>
  </ItemGroup>
  <ItemGroup>
    <ClInclude Include="utils.h">
      <Filter>Fichiers d%27en-tête</Filter>
    </ClInclude>
    <ClInclude Include="CWeapon.h">
      <Filter>Fichiers d%27en-tête</Filter>
    </ClInclude>
    <ClInclude Include="CMelee.h">
      <Filter>Fichiers d%27en-tête\weapon</Filter>
    </ClInclude>
    <ClInclude Include="CSword.h">
      <Filter>Fichiers d%27en-tête\weapon\melee</Filter>
    </ClInclude>
    <ClInclude Include="CDagger.h">
      <Filter>Fichiers d%27en-tête\weapon\melee</Filter>
    </ClInclude>
    <ClInclude Include="team.h">
      <Filter>Fichiers d%27en-tête</Filter>
    </ClInclude>
    <ClInclude Include="CCharacter.h">
      <Filter>Fichiers d%27en-tête</Filter>
    </ClInclude>
    <ClInclude Include="CWarrior.h">
      <Filter>Fichiers d%27en-tête\character</Filter>
    </ClInclude>
    <ClInclude Include="CMage.h">
      <Filter>Fichiers d%27en-tête\character</Filter>
    </ClInclude>
    <ClInclude Include="CArcher.h">
      <Filter>Fichiers d%27en-tête\character</Filter>
    </ClInclude>
    <ClInclude Include="CRogue.h">
      <Filter>Fichiers d%27en-tête\character</Filter>
    </ClInclude>
    <ClInclude Include="Parser.h">
      <Filter>Fichiers d%27en-tête</Filter>
    </ClInclude>
    <ClInclude Include="CRanged.h">
      <Filter>Fichiers d%27en-tête\weapon</Filter>
    </ClInclude>
    <ClInclude Include="CBow.h">
      <Filter>Fichiers d%27en-tête\weapon\ranged</Filter>
    </ClInclude>
    <ClInclude Include="CStaff.h">
      <Filter>Fichiers d%27en-tête\weapon\ranged</Filter>
    </ClInclude>
  </ItemGroup>
</Project>